lockfileVersion: '9.0'

settings:
  autoInstallPeers: true
  excludeLinksFromLockfile: false

importers:

  .:
    dependencies:
      '@types/hast':
        specifier: ^3.0.5
        version: 3.0.5
      satteri:
        specifier: ^0.10.5
        version: 0.10.5
    devDependencies:
      typescript:
        specifier: ^6.0.3
        version: 6.0.3

packages:

  '@bruits/satteri-darwin-arm64@0.10.5':
    resolution: {integrity: sha512-27KTVl4TJkVahMy/ohyA7qd4938G5UNneFUz/PsScYfpIhj0IVAS23mpcJXdPF44sa6nva198lmV/cKIb2YPyA==}
    cpu: [arm64]
    os: [darwin]

  '@bruits/satteri-darwin-x64@0.10.5':
    resolution: {integrity: sha512-IjnLe3nKspq6qaeqGgjT7MT8VrTV74yWRlaag7ZdNsI8TDAYZ0iPxMCo+9KQZHUk5EyVB+reBI/PFWL5KuFw9Q==}
    cpu: [x64]
    os: [darwin]

  '@bruits/satteri-linux-arm64-gnu@0.10.5':
    resolution: {integrity: sha512-glkYXZCJywjP13v67eAyAMSJdF+ncvEbYvgi/wOtffL9tQ27lr/zsyzUfgs+ovjJ9d8JNQKiXeiArJcX8PJL9w==}
    cpu: [arm64]
    os: [linux]
    libc: [glibc]

  '@bruits/satteri-linux-arm64-musl@0.10.5':
    resolution: {integrity: sha512-yWdgG1g17Nh2QyGVlFUxGRa3FEFwiMcpZEyMNWkbM3deC94cmVc+/i9OuyFpdKuWo3GkgoCtYVOoxk1uCnCZIA==}
    cpu: [arm64]
    os: [linux]
    libc: [musl]

  '@bruits/satteri-linux-x64-gnu@0.10.5':
    resolution: {integrity: sha512-FVaLoPT1fBgGl0J+AYebyyXJYBachGl8Oyyrf1lye4RTqCB4S0Gwkj1uM9RJyThUOvx5VUmAT1CnNh1SFHA+kw==}
    cpu: [x64]
    os: [linux]
    libc: [glibc]

  '@bruits/satteri-linux-x64-musl@0.10.5':
    resolution: {integrity: sha512-EHpVAx2bqW3GINHTKkljtxVfQmVDGWIuwOYOP5YghTj+0PkBa2o8oKPRtQ9Kbsr1Fye8jtUcDjhwj2jMNugZKg==}
    cpu: [x64]
    os: [linux]
    libc: [musl]

  '@bruits/satteri-wasm32-wasi@0.10.5':
    resolution: {integrity: sha512-ypz8c/Zmipxp4IoeDa228Gstv6TLzVmNs3yC6wKCoNSOjx1iwpgzu87Y3hTkXFdwChVGU85qeUDuOIarGUZQLw==}
    engines: {node: '>=14.0.0'}
    cpu: [wasm32]

  '@bruits/satteri-win32-arm64-msvc@0.10.5':
    resolution: {integrity: sha512-siTV88nb0LRqNpkL2gXboqCwVdq95sLtzMHS1/3eONV2gLbB3NAK46wmSMvCO/yquBvI2lvaFIfd8P12ecsxBw==}
    cpu: [arm64]
    os: [win32]

  '@bruits/satteri-win32-x64-msvc@0.10.5':
    resolution: {integrity: sha512-C3IfPvfvMXmlzBxaMPKFS1XiuV9pu2mC7YqkPk7PSvTgPZ8gbdASIpHpztDLvTTQjqZ0z1Ol8tK5X+V6XXC0wQ==}
    cpu: [x64]
    os: [win32]

  '@emnapi/core@1.11.1':
    resolution: {integrity: sha512-RSvbQmHzdKzNsLYa/wHrbc3KN4sYLKAdPZxqiM2HATqv/SBk2/ENSHpvXGaLOMcsAyz0poEGqkmmKYG3OWiJEQ==}

  '@emnapi/runtime@1.11.1':
    resolution: {integrity: sha512-vgj7R3y3Wgx24IQaGPA/R6YFXLHVMOZ0uVEyIQPaWs+rd1AzfEMXlAC22FYwO1XkKR6NPsq7mUandH8oIRdZFw==}

  '@emnapi/wasi-threads@1.2.2':
    resolution: {integrity: sha512-c95qOXkHdydNKhscBTebqEC1CVAZpyqOfVfBzQ1qgzyl3gfeldUjIggDbIZgDKsHLgnsM+igH7TJ/eAasaVuMA==}

  '@napi-rs/wasm-runtime@1.2.5':
    resolution: {integrity: sha512-HshSvXzmBxNzqejd3k/KemgQ3hdREUYFRRrgxOZ+gPljDIsO2SDZrVZMd4Z/HsxudQbE62OVyVFE8z9BCurfjA==}
    engines: {node: ^20.19.0 || ^22.13.0 || >=23.5.0}
    peerDependencies:
      '@emnapi/core': ^1.7.1 || ^2.0.0-alpha.4
      '@emnapi/runtime': ^1.7.1 || ^2.0.0-alpha.4

  '@tybys/wasm-util@0.10.4':
    resolution: {integrity: sha512-W3c4gRigFS0T/Ma4qIYF3GDAc5AQdHb1yL5znJT1Zv1YaD9Kitx656wBjvr19qbiosmZT8lWDM5BEMynUqX65A==}

  '@types/estree-jsx@1.0.5':
    resolution: {integrity: sha512-52CcUVNFyfb1A2ALocQw/Dd1BQFNmSdkuC3BkZ6iqhdMfQz7JWOFRuJFloOzjk+6WijU56m9oKXFAXc7o3Towg==}

  '@types/estree@1.0.9':
    resolution: {integrity: sha512-GhdPgy1el4/ImP05X05Uw4cw2/M93BCUmnEvWZNStlCzEKME4Fkk+YpoA5OiHNQmoS7Cafb8Xa3Pya8m1Qrzeg==}

  '@types/hast@3.0.5':
    resolution: {integrity: sha512-rp/ezSWaD1m44dPKICGhiskI13nVr7qTloFwDa/IYkhhf5nzwP+zIQcIJh3WIFSBOy/H1PzB40jPjMDksN4F+g==}

  '@types/mdast@4.0.4':
    resolution: {integrity: sha512-kGaNbPh1k7AFzgpud/gMdvIm5xuECykRR+JnWKQno9TAXVa6WIVCGTPvYGekIDL4uwCZQSYbUxNBSb1aUo79oA==}

  '@types/unist@3.0.3':
    resolution: {integrity: sha512-ko/gIFJRv177XgZsZcBwnqJN5x/Gien8qNOn0D5bQU/zAzVf9Zt3BlcUiLqhV9y4ARk0GbT3tnUiPNgnTXzc/Q==}

  satteri@0.10.5:
    resolution: {integrity: sha512-Ao1LKpAEa9Wdg0otgbVKViZHEq9ebdXe4DMrp3s9vQAU0HNIuHnFEuMuOcm0ZIXyV0Yzxj91NvhLpvXZJO/5ZQ==}

  tslib@2.8.1:
    resolution: {integrity: sha512-oJFu94HQb+KVduSUQL7wnpmqnfmLsOA/nAh6b6EH0wCEoK0/mPeXU6c3wKDV83MkOuHPRHtSXKKU99IBazS/2w==}

  typescript@6.0.3:
    resolution: {integrity: sha512-y2TvuxSZPDyQakkFRPZHKFm+KKVqIisdg9/CZwm9ftvKXLP8NRWj38/ODjNbr43SsoXqNuAisEf1GdCxqWcdBw==}
    engines: {node: '>=14.17'}
    hasBin: true

snapshots:

  '@bruits/satteri-darwin-arm64@0.10.5':
    optional: true

  '@bruits/satteri-darwin-x64@0.10.5':
    optional: true

  '@bruits/satteri-linux-arm64-gnu@0.10.5':
    optional: true

  '@bruits/satteri-linux-arm64-musl@0.10.5':
    optional: true

  '@bruits/satteri-linux-x64-gnu@0.10.5':
    optional: true

  '@bruits/satteri-linux-x64-musl@0.10.5':
    optional: true

  '@bruits/satteri-wasm32-wasi@0.10.5':
    dependencies:
      '@emnapi/core': 1.11.1
      '@emnapi/runtime': 1.11.1
      '@napi-rs/wasm-runtime': 1.2.5(@emnapi/core@1.11.1)(@emnapi/runtime@1.11.1)
    optional: true

  '@bruits/satteri-win32-arm64-msvc@0.10.5':
    optional: true

  '@bruits/satteri-win32-x64-msvc@0.10.5':
    optional: true

  '@emnapi/core@1.11.1':
    dependencies:
      '@emnapi/wasi-threads': 1.2.2
      tslib: 2.8.1
    optional: true

  '@emnapi/runtime@1.11.1':
    dependencies:
      tslib: 2.8.1
    optional: true

  '@emnapi/wasi-threads@1.2.2':
    dependencies:
      tslib: 2.8.1
    optional: true

  '@napi-rs/wasm-runtime@1.2.5(@emnapi/core@1.11.1)(@emnapi/runtime@1.11.1)':
    dependencies:
      '@emnapi/core': 1.11.1
      '@emnapi/runtime': 1.11.1
      '@tybys/wasm-util': 0.10.4
    optional: true

  '@tybys/wasm-util@0.10.4':
    dependencies:
      tslib: 2.8.1
    optional: true

  '@types/estree-jsx@1.0.5':
    dependencies:
      '@types/estree': 1.0.9

  '@types/estree@1.0.9': {}

  '@types/hast@3.0.5':
    dependencies:
      '@types/unist': 3.0.3

  '@types/mdast@4.0.4':
    dependencies:
      '@types/unist': 3.0.3

  '@types/unist@3.0.3': {}

  satteri@0.10.5:
    dependencies:
      '@types/estree-jsx': 1.0.5
      '@types/hast': 3.0.5
      '@types/mdast': 4.0.4
      '@types/unist': 3.0.3
    optionalDependencies:
      '@bruits/satteri-darwin-arm64': 0.10.5
      '@bruits/satteri-darwin-x64': 0.10.5
      '@bruits/satteri-linux-arm64-gnu': 0.10.5
      '@bruits/satteri-linux-arm64-musl': 0.10.5
      '@bruits/satteri-linux-x64-gnu': 0.10.5
      '@bruits/satteri-linux-x64-musl': 0.10.5
      '@bruits/satteri-wasm32-wasi': 0.10.5
      '@bruits/satteri-win32-arm64-msvc': 0.10.5
      '@bruits/satteri-win32-x64-msvc': 0.10.5

  tslib@2.8.1:
    optional: true

  typescript@6.0.3: {}
